PODS:
  - Alamofire (4.7.2)
  - AlamofireImage (3.3.1):
    - Alamofire (~> 4.5)
  - GoogleMaps (2.7.0):
    - GoogleMaps/Maps (= 2.7.0)
  - GoogleMaps/Base (2.7.0)
  - GoogleMaps/Maps (2.7.0):
    - GoogleMaps/Base
  - GooglePlacePicker (2.7.0):
    - GoogleMaps (= 2.7.0)
    - GooglePlaces (= 2.7.0)
  - GooglePlaces (2.7.0):
    - GoogleMaps/Base (= 2.7.0)
  - ImagePicker (3.0.0)
  - IQKeyboardManagerSwift (6.0.4)
  - Kingfisher (4.8.0)
  - MaterialControls (1.2.2)
  - MotionAnimation (0.1.2)
  - ObjectMapper (3.2.0)
  - ReachabilitySwift (4.1.0)
  - SDWebImage (4.4.1):
    - SDWebImage/Core (= 4.4.1)
  - SDWebImage/Core (4.4.1)
  - SwiftVideoBackground (3.0.0)
  - SwiftyJSON (4.1.0)
  - TransitionButton (0.4.0)

DEPENDENCIES:
  - Alamofire
  - AlamofireImage
  - GoogleMaps
  - GooglePlacePicker
  - GooglePlaces
  - ImagePicker
  - IQKeyboardManagerSwift
  - Kingfisher
  - MaterialControls
  - MotionAnimation (from `https://github.com/LondonAppWorks/MotionAnimation.git`)
  - ObjectMapper (from `https://github.com/Hearst-DD/ObjectMapper.git`)
  - ReachabilitySwift
  - SDWebImage
  - SwiftVideoBackground (~> 3.0)
  - SwiftyJSON
  - TransitionButton

SPEC REPOS:
  https://github.com/cocoapods/specs.git:
    - Alamofire
    - AlamofireImage
    - GoogleMaps
    - GooglePlacePicker
    - GooglePlaces
    - ImagePicker
    - IQKeyboardManagerSwift
    - Kingfisher
    - MaterialControls
    - ReachabilitySwift
    - SDWebImage
    - SwiftVideoBackground
    - SwiftyJSON
    - TransitionButton

EXTERNAL SOURCES:
  MotionAnimation:
    :git: https://github.com/LondonAppWorks/MotionAnimation.git
  ObjectMapper:
    :git: https://github.com/Hearst-DD/ObjectMapper.git

CHECKOUT OPTIONS:
  MotionAnimation:
    :commit: 3c51ee7f5acb4ffe503c75c8745aca7f28b6852e
    :git: https://github.com/LondonAppWorks/MotionAnimation.git
  ObjectMapper:
    :commit: ed1caa237b9742135996fefe3682b834bb394a6a
    :git: https://github.com/Hearst-DD/ObjectMapper.git

SPEC CHECKSUMS:
  Alamofire: e4fa87002c137ba2d8d634d2c51fabcda0d5c223
  AlamofireImage: 3b35b586853abaf94ca1250f4e94cff3c21a4c0d
  GoogleMaps: f79af95cb24d869457b1f961c93d3ce8b2f3b848
  GooglePlacePicker: 59ea44db173c58486ad6123993e81feefcbce9c3
  GooglePlaces: 3d06e6c99654545b4738ce49648745779c25f2ef
  ImagePicker: 973953c25960fe04729a7082a56194321c6762d2
  IQKeyboardManagerSwift: 36dbe324b4f9793f5f41ba5227f3e7c76dfefd50
  Kingfisher: 976d828df2b24834c6a3f2fc4d82cdbd26552be1
  MaterialControls: 1c6b29e78d3a13d8dd6a67ed31b6d26eb5de8f72
  MotionAnimation: 0257eb90f766f6d58c70524f956faf8d56c5e7bf
  ObjectMapper: 5cccd2de6f253eda859df8116a5a554d9769e859
  ReachabilitySwift: 6849231cd4e06559f3b9ef4a97a0a0f96d41e09f
  SDWebImage: 47e9b5b925cbce75946c23f0c42dd19464189af4
  SwiftVideoBackground: 15c69b74458ad57f123c52f55a5bf6865eaf4eae
  SwiftyJSON: c29297daf073d2aa016295d5809cdd68045c39b3
  TransitionButton: d271030914c84a00b54b4d983446944d2875e7ba

PODFILE CHECKSUM: 8affc9d66a709f8c2d7779bc3130db569e0628c2

COCOAPODS: 1.5.3
